
Microsoft Visual Studio Solution File, Format Version 12.00
# Visual Studio Version 17
VisualStudioVersion = 17.2.32616.157
MinimumVisualStudioVersion = 10.0.40219.1
Project("{9A19103F-16F7-4668-BE54-9A1E7A4F7556}") = "ClassMetotDemo", "ClassMetotDemo\ClassMetotDemo.csproj", "{B0B09FF7-17EB-4988-AB41-861EE5C82467}"
EndProject
Project("{9A19103F-16F7-4668-BE54-9A1E7A4F7556}") = "OOP1", "OOP1\OOP1.csproj", "{C2497EEF-7AD4-4768-BD7E-F6392FA256E8}"
EndProject
Project("{FAE04EC0-301F-11D3-BF4B-00C04F79EFBC}") = "Koleksiyonlar", "Koleksiyonlar\Koleksiyonlar.csproj", "{5A2D508F-3617-410D-8644-120DBF8DE098}"
EndProject
Project("{FAE04EC0-301F-11D3-BF4B-00C04F79EFBC}") = "GenericsIntro", "GenericsIntro\GenericsIntro.csproj", "{E4FBCF37-F9C2-4924-B161-89847944D780}"
EndProject
Global
	GlobalSection(SolutionConfigurationPlatforms) = preSolution
		Debug|Any CPU = Debug|Any CPU
		Release|Any CPU = Release|Any CPU
	EndGlobalSection
	GlobalSection(ProjectConfigurationPlatforms) = postSolution
		{B0B09FF7-17EB-4988-AB41-861EE5C82467}.Debug|Any CPU.ActiveCfg = Debug|Any CPU
		{B0B09FF7-17EB-4988-AB41-861EE5C82467}.Debug|Any CPU.Build.0 = Debug|Any CPU
		{B0B09FF7-17EB-4988-AB41-861EE5C82467}.Release|Any CPU.ActiveCfg = Release|Any CPU
		{B0B09FF7-17EB-4988-AB41-861EE5C82467}.Release|Any CPU.Build.0 = Release|Any CPU
		{C2497EEF-7AD4-4768-BD7E-F6392FA256E8}.Debug|Any CPU.ActiveCfg = Debug|Any CPU
		{C2497EEF-7AD4-4768-BD7E-F6392FA256E8}.Debug|Any CPU.Build.0 = Debug|Any CPU
		{C2497EEF-7AD4-4768-BD7E-F6392FA256E8}.Release|Any CPU.ActiveCfg = Release|Any CPU
		{C2497EEF-7AD4-4768-BD7E-F6392FA256E8}.Release|Any CPU.Build.0 = Release|Any CPU
		{5A2D508F-3617-410D-8644-120DBF8DE098}.Debug|Any CPU.ActiveCfg = Debug|Any CPU
		{5A2D508F-3617-410D-8644-120DBF8DE098}.Debug|Any CPU.Build.0 = Debug|Any CPU
		{5A2D508F-3617-410D-8644-120DBF8DE098}.Release|Any CPU.ActiveCfg = Release|Any CPU
		{5A2D508F-3617-410D-8644-120DBF8DE098}.Release|Any CPU.Build.0 = Release|Any CPU
		{E4FBCF37-F9C2-4924-B161-89847944D780}.Debug|Any CPU.ActiveCfg = Debug|Any CPU
		{E4FBCF37-F9C2-4924-B161-89847944D780}.Debug|Any CPU.Build.0 = Debug|Any CPU
		{E4FBCF37-F9C2-4924-B161-89847944D780}.Release|Any CPU.ActiveCfg = Release|Any CPU
		{E4FBCF37-F9C2-4924-B161-89847944D780}.Release|Any CPU.Build.0 = Release|Any CPU
	EndGlobalSection
	GlobalSection(SolutionProperties) = preSolution
		HideSolutionNode = FALSE
	EndGlobalSection
	GlobalSection(ExtensibilityGlobals) = postSolution
		SolutionGuid = {2E7EE21D-99F9-4D18-9097-AF0A59451D9A}
	EndGlobalSection
EndGlobal
